
Microsoft Visual Studio Solution File, Format Version 12.00
# Visual Studio Version 17
VisualStudioVersion = 17.4.33110.190
MinimumVisualStudioVersion = 10.0.40219.1
Project("{FAE04EC0-301F-11D3-BF4B-00C04F79EFBC}") = "Slovarik", "Slovarik\Slovarik.csproj", "{3AA864BA-94B7-4E82-8ADA-FBDC4C5B4566}"
EndProject
Global
	GlobalSection(SolutionConfigurationPlatforms) = preSolution
		Debug|Any CPU = Debug|Any CPU
		Release|Any CPU = Release|Any CPU
	EndGlobalSection
	GlobalSection(ProjectConfigurationPlatforms) = postSolution
		{3AA864BA-94B7-4E82-8ADA-FBDC4C5B4566}.Debug|Any CPU.ActiveCfg = Debug|Any CPU
		{3AA864BA-94B7-4E82-8ADA-FBDC4C5B4566}.Debug|Any CPU.Build.0 = Debug|Any CPU
		{3AA864BA-94B7-4E82-8ADA-FBDC4C5B4566}.Release|Any CPU.ActiveCfg = Release|Any CPU
		{3AA864BA-94B7-4E82-8ADA-FBDC4C5B4566}.Release|Any CPU.Build.0 = Release|Any CPU
	EndGlobalSection
	GlobalSection(SolutionProperties) = preSolution
		HideSolutionNode = FALSE
	EndGlobalSection
	GlobalSection(ExtensibilityGlobals) = postSolution
		SolutionGuid = {2A22F596-A36A-4A08-AD56-C14C305EB06D}
	EndGlobalSection
EndGlobal
